
Microsoft Visual Studio Solution File, Format Version 12.00
# Visual Studio 15
VisualStudioVersion = 15.0.28307.421
MinimumVisualStudioVersion = 10.0.40219.1
Project("{FAE04EC0-301F-11D3-BF4B-00C04F79EFBC}") = "Guia10", "Guia10\Guia10.csproj", "{D18E5D65-ED83-4CDB-B4B4-867E95D745CA}"
EndProject
Global
	GlobalSection(SolutionConfigurationPlatforms) = preSolution
		Debug|Any CPU = Debug|Any CPU
		Release|Any CPU = Release|Any CPU
	EndGlobalSection
	GlobalSection(ProjectConfigurationPlatforms) = postSolution
		{D18E5D65-ED83-4CDB-B4B4-867E95D745CA}.Debug|Any CPU.ActiveCfg = Debug|Any CPU
		{D18E5D65-ED83-4CDB-B4B4-867E95D745CA}.Debug|Any CPU.Build.0 = Debug|Any CPU
		{D18E5D65-ED83-4CDB-B4B4-867E95D745CA}.Release|Any CPU.ActiveCfg = Release|Any CPU
		{D18E5D65-ED83-4CDB-B4B4-867E95D745CA}.Release|Any CPU.Build.0 = Release|Any CPU
	EndGlobalSection
	GlobalSection(SolutionProperties) = preSolution
		HideSolutionNode = FALSE
	EndGlobalSection
	GlobalSection(ExtensibilityGlobals) = postSolution
		SolutionGuid = {9B470F14-CA2E-4A0E-A82F-E47F0DE227D2}
	EndGlobalSection
EndGlobal
