
Microsoft Visual Studio Solution File, Format Version 12.00
# Visual Studio 15
VisualStudioVersion = 15.0.27703.2026
MinimumVisualStudioVersion = 10.0.40219.1
Project("{FAE04EC0-301F-11D3-BF4B-00C04F79EFBC}") = "Ejemplo_3", "Ejemplo_3\Ejemplo_3.csproj", "{9187F65A-CD48-4874-A305-97D5316D5D8F}"
EndProject
Global
	GlobalSection(SolutionConfigurationPlatforms) = preSolution
		Debug|Any CPU = Debug|Any CPU
		Release|Any CPU = Release|Any CPU
	EndGlobalSection
	GlobalSection(ProjectConfigurationPlatforms) = postSolution
		{9187F65A-CD48-4874-A305-97D5316D5D8F}.Debug|Any CPU.ActiveCfg = Debug|Any CPU
		{9187F65A-CD48-4874-A305-97D5316D5D8F}.Debug|Any CPU.Build.0 = Debug|Any CPU
		{9187F65A-CD48-4874-A305-97D5316D5D8F}.Release|Any CPU.ActiveCfg = Release|Any CPU
		{9187F65A-CD48-4874-A305-97D5316D5D8F}.Release|Any CPU.Build.0 = Release|Any CPU
	EndGlobalSection
	GlobalSection(SolutionProperties) = preSolution
		HideSolutionNode = FALSE
	EndGlobalSection
	GlobalSection(ExtensibilityGlobals) = postSolution
		SolutionGuid = {246B8630-AB87-4AE3-8E3D-DAE1AB93182E}
	EndGlobalSection
EndGlobal
