
Microsoft Visual Studio Solution File, Format Version 12.00
# Visual Studio 15
VisualStudioVersion = 15.0.28307.421
MinimumVisualStudioVersion = 10.0.40219.1
Project("{FAE04EC0-301F-11D3-BF4B-00C04F79EFBC}") = "Guia8-AnalisisResultado", "Guia8-AnalisisResultado\Guia8-AnalisisResultado.csproj", "{EA001D31-6411-462A-B999-3D1749F106E0}"
EndProject
Global
	GlobalSection(SolutionConfigurationPlatforms) = preSolution
		Debug|Any CPU = Debug|Any CPU
		Release|Any CPU = Release|Any CPU
	EndGlobalSection
	GlobalSection(ProjectConfigurationPlatforms) = postSolution
		{EA001D31-6411-462A-B999-3D1749F106E0}.Debug|Any CPU.ActiveCfg = Debug|Any CPU
		{EA001D31-6411-462A-B999-3D1749F106E0}.Debug|Any CPU.Build.0 = Debug|Any CPU
		{EA001D31-6411-462A-B999-3D1749F106E0}.Release|Any CPU.ActiveCfg = Release|Any CPU
		{EA001D31-6411-462A-B999-3D1749F106E0}.Release|Any CPU.Build.0 = Release|Any CPU
	EndGlobalSection
	GlobalSection(SolutionProperties) = preSolution
		HideSolutionNode = FALSE
	EndGlobalSection
	GlobalSection(ExtensibilityGlobals) = postSolution
		SolutionGuid = {08C56A3C-FBF1-4059-9A66-E11EE6E2C564}
	EndGlobalSection
EndGlobal
